// !$*UTF8*$!
{
	archiveVersion = 1;
	classes = {
	};
	objectVersion = 56;
	objects = {

/* Begin PBXBuildFile section */
		4030656429DAC81C0036E981 /* AddText.swift in Sources */ = {isa = PBXBuildFile; fileRef = 4030656329DAC81C0036E981 /* AddText.swift */; };
		4030656529DAC81C0036E981 /* AddText.swift in Sources */ = {isa = PBXBuildFile; fileRef = 4030656329DAC81C0036E981 /* AddText.swift */; };
		4030656629DAC81C0036E981 /* AddText.swift in Sources */ = {isa = PBXBuildFile; fileRef = 4030656329DAC81C0036E981 /* AddText.swift */; };
		4030656D29DAD6290036E981 /* FirebaseAnalytics in Frameworks */ = {isa = PBXBuildFile; productRef = 4030656C29DAD6290036E981 /* FirebaseAnalytics */; };
		4030656F29DAD6290036E981 /* FirebaseAnalyticsOnDeviceConversion in Frameworks */ = {isa = PBXBuildFile; productRef = 4030656E29DAD6290036E981 /* FirebaseAnalyticsOnDeviceConversion */; };
		4030657129DAD6290036E981 /* FirebaseAnalyticsSwift in Frameworks */ = {isa = PBXBuildFile; productRef = 4030657029DAD6290036E981 /* FirebaseAnalyticsSwift */; };
		4030657329DAD6290036E981 /* FirebaseAnalyticsWithoutAdIdSupport in Frameworks */ = {isa = PBXBuildFile; productRef = 4030657229DAD6290036E981 /* FirebaseAnalyticsWithoutAdIdSupport */; };
		4030657529DAD6290036E981 /* FirebaseAppCheck in Frameworks */ = {isa = PBXBuildFile; productRef = 4030657429DAD6290036E981 /* FirebaseAppCheck */; };
		4030657729DAD6290036E981 /* FirebaseAppDistribution-Beta in Frameworks */ = {isa = PBXBuildFile; productRef = 4030657629DAD6290036E981 /* FirebaseAppDistribution-Beta */; };
		4030657929DAD6290036E981 /* FirebaseAuth in Frameworks */ = {isa = PBXBuildFile; productRef = 4030657829DAD6290036E981 /* FirebaseAuth */; };
		4030657B29DAD6290036E981 /* FirebaseAuthCombine-Community in Frameworks */ = {isa = PBXBuildFile; productRef = 4030657A29DAD6290036E981 /* FirebaseAuthCombine-Community */; };
		4030657D29DAD6290036E981 /* FirebaseCrashlytics in Frameworks */ = {isa = PBXBuildFile; productRef = 4030657C29DAD6290036E981 /* FirebaseCrashlytics */; };
		4030657F29DAD6290036E981 /* FirebaseDatabase in Frameworks */ = {isa = PBXBuildFile; productRef = 4030657E29DAD6290036E981 /* FirebaseDatabase */; };
		4030658129DAD6290036E981 /* FirebaseDatabaseSwift in Frameworks */ = {isa = PBXBuildFile; productRef = 4030658029DAD6290036E981 /* FirebaseDatabaseSwift */; };
		4030658329DAD6290036E981 /* FirebaseDynamicLinks in Frameworks */ = {isa = PBXBuildFile; productRef = 4030658229DAD6290036E981 /* FirebaseDynamicLinks */; };
		4030658529DAD6290036E981 /* FirebaseFirestore in Frameworks */ = {isa = PBXBuildFile; productRef = 4030658429DAD6290036E981 /* FirebaseFirestore */; };
		4030658729DAD6290036E981 /* FirebaseFirestoreCombine-Community in Frameworks */ = {isa = PBXBuildFile; productRef = 4030658629DAD6290036E981 /* FirebaseFirestoreCombine-Community */; };
		4030658929DAD6290036E981 /* FirebaseFirestoreSwift in Frameworks */ = {isa = PBXBuildFile; productRef = 4030658829DAD6290036E981 /* FirebaseFirestoreSwift */; };
		4030658B29DAD6290036E981 /* FirebaseFunctions in Frameworks */ = {isa = PBXBuildFile; productRef = 4030658A29DAD6290036E981 /* FirebaseFunctions */; };
		4030658D29DAD6290036E981 /* FirebaseFunctionsCombine-Community in Frameworks */ = {isa = PBXBuildFile; productRef = 4030658C29DAD6290036E981 /* FirebaseFunctionsCombine-Community */; };
		4030658F29DAD6290036E981 /* FirebaseInAppMessaging-Beta in Frameworks */ = {isa = PBXBuildFile; productRef = 4030658E29DAD6290036E981 /* FirebaseInAppMessaging-Beta */; };
		4030659129DAD6290036E981 /* FirebaseInAppMessagingSwift-Beta in Frameworks */ = {isa = PBXBuildFile; productRef = 4030659029DAD6290036E981 /* FirebaseInAppMessagingSwift-Beta */; };
		4030659329DAD6290036E981 /* FirebaseInstallations in Frameworks */ = {isa = PBXBuildFile; productRef = 4030659229DAD6290036E981 /* FirebaseInstallations */; };
		4030659529DAD6290036E981 /* FirebaseMLModelDownloader in Frameworks */ = {isa = PBXBuildFile; productRef = 4030659429DAD6290036E981 /* FirebaseMLModelDownloader */; };
		4030659729DAD6290036E981 /* FirebaseMessaging in Frameworks */ = {isa = PBXBuildFile; productRef = 4030659629DAD6290036E981 /* FirebaseMessaging */; };
		4030659929DAD6290036E981 /* FirebasePerformance in Frameworks */ = {isa = PBXBuildFile; productRef = 4030659829DAD6290036E981 /* FirebasePerformance */; };
		4030659B29DAD6290036E981 /* FirebaseRemoteConfig in Frameworks */ = {isa = PBXBuildFile; productRef = 4030659A29DAD6290036E981 /* FirebaseRemoteConfig */; };
		4030659D29DAD6290036E981 /* FirebaseRemoteConfigSwift in Frameworks */ = {isa = PBXBuildFile; productRef = 4030659C29DAD6290036E981 /* FirebaseRemoteConfigSwift */; };
		4030659F29DAD6290036E981 /* FirebaseStorage in Frameworks */ = {isa = PBXBuildFile; productRef = 4030659E29DAD6290036E981 /* FirebaseStorage */; };
		403065A129DAD6290036E981 /* FirebaseStorageCombine-Community in Frameworks */ = {isa = PBXBuildFile; productRef = 403065A029DAD6290036E981 /* FirebaseStorageCombine-Community */; };
		403065A429E1BB950036E981 /* HomeView.swift in Sources */ = {isa = PBXBuildFile; fileRef = 403065A329E1BB950036E981 /* HomeView.swift */; };
		403065A529E1BB950036E981 /* HomeView.swift in Sources */ = {isa = PBXBuildFile; fileRef = 403065A329E1BB950036E981 /* HomeView.swift */; };
		403065A629E1BB950036E981 /* HomeView.swift in Sources */ = {isa = PBXBuildFile; fileRef = 403065A329E1BB950036E981 /* HomeView.swift */; };
		403065A829E1BBB10036E981 /* HomeModel.swift in Sources */ = {isa = PBXBuildFile; fileRef = 403065A729E1BBB10036E981 /* HomeModel.swift */; };
		403065A929E1BBB10036E981 /* HomeModel.swift in Sources */ = {isa = PBXBuildFile; fileRef = 403065A729E1BBB10036E981 /* HomeModel.swift */; };
		403065AA29E1BBB10036E981 /* HomeModel.swift in Sources */ = {isa = PBXBuildFile; fileRef = 403065A729E1BBB10036E981 /* HomeModel.swift */; };
		403065AC29E1BBBF0036E981 /* HomeViewModel.swift in Sources */ = {isa = PBXBuildFile; fileRef = 403065AB29E1BBBF0036E981 /* HomeViewModel.swift */; };
		403065AD29E1BBBF0036E981 /* HomeViewModel.swift in Sources */ = {isa = PBXBuildFile; fileRef = 403065AB29E1BBBF0036E981 /* HomeViewModel.swift */; };
		403065AE29E1BBBF0036E981 /* HomeViewModel.swift in Sources */ = {isa = PBXBuildFile; fileRef = 403065AB29E1BBBF0036E981 /* HomeViewModel.swift */; };
		A3ACF5D02A11210D003852BD /* ResetPasswordView.swift in Sources */ = {isa = PBXBuildFile; fileRef = A3ACF5CF2A11210D003852BD /* ResetPasswordView.swift */; };
		A3ACF5D22A115180003852BD /* AddTextViewModel.swift in Sources */ = {isa = PBXBuildFile; fileRef = A3ACF5D12A115180003852BD /* AddTextViewModel.swift */; };
		A3E343F22A0AE17C00E1A86E /* SignUpView.swift in Sources */ = {isa = PBXBuildFile; fileRef = A3E343F12A0AE17C00E1A86E /* SignUpView.swift */; };
		A3E343F42A0AE1FE00E1A86E /* SignUpViewModel.swift in Sources */ = {isa = PBXBuildFile; fileRef = A3E343F32A0AE1FE00E1A86E /* SignUpViewModel.swift */; };
		A3E343F62A0D4A9400E1A86E /* SignInView.swift in Sources */ = {isa = PBXBuildFile; fileRef = A3E343F52A0D4A9400E1A86E /* SignInView.swift */; };
		A3E343F82A0D4CD600E1A86E /* AuthenticationViewModel.swift in Sources */ = {isa = PBXBuildFile; fileRef = A3E343F72A0D4CD600E1A86E /* AuthenticationViewModel.swift */; };
		A3E7D2F429E1C02700522A3E /* GoogleService-Info.plist in Resources */ = {isa = PBXBuildFile; fileRef = A3E7D2F329E1C02700522A3E /* GoogleService-Info.plist */; };
		A3E7D2F529E1C02700522A3E /* GoogleService-Info.plist in Resources */ = {isa = PBXBuildFile; fileRef = A3E7D2F329E1C02700522A3E /* GoogleService-Info.plist */; };
		A3E7D2F629E1C02700522A3E /* GoogleService-Info.plist in Resources */ = {isa = PBXBuildFile; fileRef = A3E7D2F329E1C02700522A3E /* GoogleService-Info.plist */; };
		A3E98CBB29D9EEF3000148BE /* BetaReadingApp.swift in Sources */ = {isa = PBXBuildFile; fileRef = A3E98CBA29D9EEF3000148BE /* BetaReadingApp.swift */; };
		A3E98CBD29D9EEF3000148BE /* ContentView.swift in Sources */ = {isa = PBXBuildFile; fileRef = A3E98CBC29D9EEF3000148BE /* ContentView.swift */; };
		A3E98CBF29D9EEF4000148BE /* Assets.xcassets in Resources */ = {isa = PBXBuildFile; fileRef = A3E98CBE29D9EEF4000148BE /* Assets.xcassets */; };
		A3E98CC229D9EEF4000148BE /* Preview Assets.xcassets in Resources */ = {isa = PBXBuildFile; fileRef = A3E98CC129D9EEF4000148BE /* Preview Assets.xcassets */; };
		A3E98CCC29D9EEF4000148BE /* BetaReadingTests.swift in Sources */ = {isa = PBXBuildFile; fileRef = A3E98CCB29D9EEF4000148BE /* BetaReadingTests.swift */; };
		A3E98CD629D9EEF5000148BE /* BetaReadingUITests.swift in Sources */ = {isa = PBXBuildFile; fileRef = A3E98CD529D9EEF5000148BE /* BetaReadingUITests.swift */; };
		A3E98CD829D9EEF5000148BE /* BetaReadingUITestsLaunchTests.swift in Sources */ = {isa = PBXBuildFile; fileRef = A3E98CD729D9EEF5000148BE /* BetaReadingUITestsLaunchTests.swift */; };
/* End PBXBuildFile section */

/* Begin PBXContainerItemProxy section */
		A3E98CC829D9EEF4000148BE /* PBXContainerItemProxy */ = {
			isa = PBXContainerItemProxy;
			containerPortal = A3E98CAF29D9EEF3000148BE /* Project object */;
			proxyType = 1;
			remoteGlobalIDString = A3E98CB629D9EEF3000148BE;
			remoteInfo = BetaReading;
		};
		A3E98CD229D9EEF5000148BE /* PBXContainerItemProxy */ = {
			isa = PBXContainerItemProxy;
			containerPortal = A3E98CAF29D9EEF3000148BE /* Project object */;
			proxyType = 1;
			remoteGlobalIDString = A3E98CB629D9EEF3000148BE;
			remoteInfo = BetaReading;
		};
/* End PBXContainerItemProxy section */

/* Begin PBXFileReference section */
		4030656329DAC81C0036E981 /* AddText.swift */ = {isa = PBXFileReference; lastKnownFileType = sourcecode.swift; path = AddText.swift; sourceTree = "<group>"; };
		403065A229DAEB8E0036E981 /* BetaReading.entitlements */ = {isa = PBXFileReference; lastKnownFileType = text.plist.entitlements; path = BetaReading.entitlements; sourceTree = "<group>"; };
		403065A329E1BB950036E981 /* HomeView.swift */ = {isa = PBXFileReference; lastKnownFileType = sourcecode.swift; path = HomeView.swift; sourceTree = "<group>"; };
		403065A729E1BBB10036E981 /* HomeModel.swift */ = {isa = PBXFileReference; lastKnownFileType = sourcecode.swift; name = HomeModel.swift; path = BetaReading/Modelss/HomeModel.swift; sourceTree = SOURCE_ROOT; };
		403065AB29E1BBBF0036E981 /* HomeViewModel.swift */ = {isa = PBXFileReference; lastKnownFileType = sourcecode.swift; name = HomeViewModel.swift; path = BetaReading/ViewModelss/HomeViewModel.swift; sourceTree = SOURCE_ROOT; };
		A3ACF5CF2A11210D003852BD /* ResetPasswordView.swift */ = {isa = PBXFileReference; lastKnownFileType = sourcecode.swift; path = ResetPasswordView.swift; sourceTree = "<group>"; };
		A3ACF5D12A115180003852BD /* AddTextViewModel.swift */ = {isa = PBXFileReference; lastKnownFileType = sourcecode.swift; name = AddTextViewModel.swift; path = BetaReading/ViewModelss/AddTextViewModel.swift; sourceTree = SOURCE_ROOT; };
		A3E343F12A0AE17C00E1A86E /* SignUpView.swift */ = {isa = PBXFileReference; lastKnownFileType = sourcecode.swift; path = SignUpView.swift; sourceTree = "<group>"; };
		A3E343F32A0AE1FE00E1A86E /* SignUpViewModel.swift */ = {isa = PBXFileReference; lastKnownFileType = sourcecode.swift; name = SignUpViewModel.swift; path = BetaReading/ViewModelss/SignUpViewModel.swift; sourceTree = SOURCE_ROOT; };
		A3E343F52A0D4A9400E1A86E /* SignInView.swift */ = {isa = PBXFileReference; lastKnownFileType = sourcecode.swift; path = SignInView.swift; sourceTree = "<group>"; };
		A3E343F72A0D4CD600E1A86E /* AuthenticationViewModel.swift */ = {isa = PBXFileReference; lastKnownFileType = sourcecode.swift; name = AuthenticationViewModel.swift; path = BetaReading/ViewModelss/AuthenticationViewModel.swift; sourceTree = SOURCE_ROOT; };
		A3E7D2F329E1C02700522A3E /* GoogleService-Info.plist */ = {isa = PBXFileReference; fileEncoding = 4; lastKnownFileType = text.plist.xml; name = "GoogleService-Info.plist"; path = "../../../../Downloads/GoogleService-Info.plist"; sourceTree = "<group>"; };
		A3E98CB729D9EEF3000148BE /* BetaReading.app */ = {isa = PBXFileReference; explicitFileType = wrapper.application; includeInIndex = 0; path = BetaReading.app; sourceTree = BUILT_PRODUCTS_DIR; };
		A3E98CBA29D9EEF3000148BE /* BetaReadingApp.swift */ = {isa = PBXFileReference; lastKnownFileType = sourcecode.swift; path = BetaReadingApp.swift; sourceTree = "<group>"; };
		A3E98CBC29D9EEF3000148BE /* ContentView.swift */ = {isa = PBXFileReference; lastKnownFileType = sourcecode.swift; path = ContentView.swift; sourceTree = "<group>"; };
		A3E98CBE29D9EEF4000148BE /* Assets.xcassets */ = {isa = PBXFileReference; lastKnownFileType = folder.assetcatalog; path = Assets.xcassets; sourceTree = "<group>"; };
		A3E98CC129D9EEF4000148BE /* Preview Assets.xcassets */ = {isa = PBXFileReference; lastKnownFileType = folder.assetcatalog; path = "Preview Assets.xcassets"; sourceTree = "<group>"; };
		A3E98CC729D9EEF4000148BE /* BetaReadingTests.xctest */ = {isa = PBXFileReference; explicitFileType = wrapper.cfbundle; includeInIndex = 0; path = BetaReadingTests.xctest; sourceTree = BUILT_PRODUCTS_DIR; };
		A3E98CCB29D9EEF4000148BE /* BetaReadingTests.swift */ = {isa = PBXFileReference; lastKnownFileType = sourcecode.swift; path = BetaReadingTests.swift; sourceTree = "<group>"; };
		A3E98CD129D9EEF5000148BE /* BetaReadingUITests.xctest */ = {isa = PBXFileReference; explicitFileType = wrapper.cfbundle; includeInIndex = 0; path = BetaReadingUITests.xctest; sourceTree = BUILT_PRODUCTS_DIR; };
		A3E98CD529D9EEF5000148BE /* BetaReadingUITests.swift */ = {isa = PBXFileReference; lastKnownFileType = sourcecode.swift; path = BetaReadingUITests.swift; sourceTree = "<group>"; };
		A3E98CD729D9EEF5000148BE /* BetaReadingUITestsLaunchTests.swift */ = {isa = PBXFileReference; lastKnownFileType = sourcecode.swift; path = BetaReadingUITestsLaunchTests.swift; sourceTree = "<group>"; };
/* End PBXFileReference section */

/* Begin PBXFrameworksBuildPhase section */
		A3E98CB429D9EEF3000148BE /* Frameworks */ = {
			isa = PBXFrameworksBuildPhase;
			buildActionMask = 2147483647;
			files = (
				4030657F29DAD6290036E981 /* FirebaseDatabase in Frameworks */,
				4030658D29DAD6290036E981 /* FirebaseFunctionsCombine-Community in Frameworks */,
				4030658529DAD6290036E981 /* FirebaseFirestore in Frameworks */,
				4030657129DAD6290036E981 /* FirebaseAnalyticsSwift in Frameworks */,
				4030656D29DAD6290036E981 /* FirebaseAnalytics in Frameworks */,
				4030656F29DAD6290036E981 /* FirebaseAnalyticsOnDeviceConversion in Frameworks */,
				4030659529DAD6290036E981 /* FirebaseMLModelDownloader in Frameworks */,
				4030658929DAD6290036E981 /* FirebaseFirestoreSwift in Frameworks */,
				4030657529DAD6290036E981 /* FirebaseAppCheck in Frameworks */,
				4030657329DAD6290036E981 /* FirebaseAnalyticsWithoutAdIdSupport in Frameworks */,
				4030657929DAD6290036E981 /* FirebaseAuth in Frameworks */,
				4030657D29DAD6290036E981 /* FirebaseCrashlytics in Frameworks */,
				4030659D29DAD6290036E981 /* FirebaseRemoteConfigSwift in Frameworks */,
				4030658F29DAD6290036E981 /* FirebaseInAppMessaging-Beta in Frameworks */,
				4030658129DAD6290036E981 /* FirebaseDatabaseSwift in Frameworks */,
				4030658B29DAD6290036E981 /* FirebaseFunctions in Frameworks */,
				403065A129DAD6290036E981 /* FirebaseStorageCombine-Community in Frameworks */,
				4030659B29DAD6290036E981 /* FirebaseRemoteConfig in Frameworks */,
				4030657729DAD6290036E981 /* FirebaseAppDistribution-Beta in Frameworks */,
				4030657B29DAD6290036E981 /* FirebaseAuthCombine-Community in Frameworks */,
				4030659929DAD6290036E981 /* FirebasePerformance in Frameworks */,
				4030659129DAD6290036E981 /* FirebaseInAppMessagingSwift-Beta in Frameworks */,
				4030659F29DAD6290036E981 /* FirebaseStorage in Frameworks */,
				4030658329DAD6290036E981 /* FirebaseDynamicLinks in Frameworks */,
				4030658729DAD6290036E981 /* FirebaseFirestoreCombine-Community in Frameworks */,
				4030659729DAD6290036E981 /* FirebaseMessaging in Frameworks */,
				4030659329DAD6290036E981 /* FirebaseInstallations in Frameworks */,
			);
			runOnlyForDeploymentPostprocessing = 0;
		};
		A3E98CC429D9EEF4000148BE /* Frameworks */ = {
			isa = PBXFrameworksBuildPhase;
			buildActionMask = 2147483647;
			files = (
			);
			runOnlyForDeploymentPostprocessing = 0;
		};
		A3E98CCE29D9EEF5000148BE /* Frameworks */ = {
			isa = PBXFrameworksBuildPhase;
			buildActionMask = 2147483647;
			files = (
			);
			runOnlyForDeploymentPostprocessing = 0;
		};
/* End PBXFrameworksBuildPhase section */

/* Begin PBXGroup section */
		A3E98CAE29D9EEF3000148BE = {
			isa = PBXGroup;
			children = (
				A3E7D2F329E1C02700522A3E /* GoogleService-Info.plist */,
				A3E98CB929D9EEF3000148BE /* BetaReading */,
				A3E98CCA29D9EEF4000148BE /* BetaReadingTests */,
				A3E98CD429D9EEF5000148BE /* BetaReadingUITests */,
				A3E98CB829D9EEF3000148BE /* Products */,
			);
			sourceTree = "<group>";
		};
		A3E98CB829D9EEF3000148BE /* Products */ = {
			isa = PBXGroup;
			children = (
				A3E98CB729D9EEF3000148BE /* BetaReading.app */,
				A3E98CC729D9EEF4000148BE /* BetaReadingTests.xctest */,
				A3E98CD129D9EEF5000148BE /* BetaReadingUITests.xctest */,
			);
			name = Products;
			sourceTree = "<group>";
		};
		A3E98CB929D9EEF3000148BE /* BetaReading */ = {
			isa = PBXGroup;
			children = (
				403065A229DAEB8E0036E981 /* BetaReading.entitlements */,
				A3F41A112A12787000BF630F /* ViewModels */,
				A3F41A122A1278BE00BF630F /* Models */,
				A3E98CE729D9F42B000148BE /* Views */,
				A3E98CBA29D9EEF3000148BE /* BetaReadingApp.swift */,
				A3E98CBC29D9EEF3000148BE /* ContentView.swift */,
				A3E98CBE29D9EEF4000148BE /* Assets.xcassets */,
				A3E98CC029D9EEF4000148BE /* Preview Content */,
			);
			path = BetaReading;
			sourceTree = "<group>";
		};
		A3E98CC029D9EEF4000148BE /* Preview Content */ = {
			isa = PBXGroup;
			children = (
				A3E98CC129D9EEF4000148BE /* Preview Assets.xcassets */,
			);
			path = "Preview Content";
			sourceTree = "<group>";
		};
		A3E98CCA29D9EEF4000148BE /* BetaReadingTests */ = {
			isa = PBXGroup;
			children = (
				A3E98CCB29D9EEF4000148BE /* BetaReadingTests.swift */,
			);
			path = BetaReadingTests;
			sourceTree = "<group>";
		};
		A3E98CD429D9EEF5000148BE /* BetaReadingUITests */ = {
			isa = PBXGroup;
			children = (
				A3E98CD529D9EEF5000148BE /* BetaReadingUITests.swift */,
				A3E98CD729D9EEF5000148BE /* BetaReadingUITestsLaunchTests.swift */,
			);
			path = BetaReadingUITests;
			sourceTree = "<group>";
		};
		A3E98CE729D9F42B000148BE /* Views */ = {
			isa = PBXGroup;
			children = (
				4030656329DAC81C0036E981 /* AddText.swift */,
				403065A329E1BB950036E981 /* HomeView.swift */,
				A3E343F12A0AE17C00E1A86E /* SignUpView.swift */,
				A3E343F52A0D4A9400E1A86E /* SignInView.swift */,
				A3ACF5CF2A11210D003852BD /* ResetPasswordView.swift */,
			);
			path = Views;
			sourceTree = "<group>";
		};
		A3F41A112A12787000BF630F /* ViewModels */ = {
			isa = PBXGroup;
			children = (
				403065AB29E1BBBF0036E981 /* HomeViewModel.swift */,
				A3E343F32A0AE1FE00E1A86E /* SignUpViewModel.swift */,
				A3E343F72A0D4CD600E1A86E /* AuthenticationViewModel.swift */,
				A3ACF5D12A115180003852BD /* AddTextViewModel.swift */,
			);
			path = ViewModels;
			sourceTree = "<group>";
		};
		A3F41A122A1278BE00BF630F /* Models */ = {
			isa = PBXGroup;
			children = (
				403065A729E1BBB10036E981 /* HomeModel.swift */,
			);
			path = Models;
			sourceTree = "<group>";
		};
/* End PBXGroup section */

/* Begin PBXNativeTarget section */
		A3E98CB629D9EEF3000148BE /* BetaReading */ = {
			isa = PBXNativeTarget;
			buildConfigurationList = A3E98CDB29D9EEF5000148BE /* Build configuration list for PBXNativeTarget "BetaReading" */;
			buildPhases = (
				A3E98CB329D9EEF3000148BE /* Sources */,
				A3E98CB429D9EEF3000148BE /* Frameworks */,
				A3E98CB529D9EEF3000148BE /* Resources */,
			);
			buildRules = (
			);
			dependencies = (
			);
			name = BetaReading;
			packageProductDependencies = (
				4030656C29DAD6290036E981 /* FirebaseAnalytics */,
				4030656E29DAD6290036E981 /* FirebaseAnalyticsOnDeviceConversion */,
				4030657029DAD6290036E981 /* FirebaseAnalyticsSwift */,
				4030657229DAD6290036E981 /* FirebaseAnalyticsWithoutAdIdSupport */,
				4030657429DAD6290036E981 /* FirebaseAppCheck */,
				4030657629DAD6290036E981 /* FirebaseAppDistribution-Beta */,
				4030657829DAD6290036E981 /* FirebaseAuth */,
				4030657A29DAD6290036E981 /* FirebaseAuthCombine-Community */,
				4030657C29DAD6290036E981 /* FirebaseCrashlytics */,
				4030657E29DAD6290036E981 /* FirebaseDatabase */,
				4030658029DAD6290036E981 /* FirebaseDatabaseSwift */,
				4030658229DAD6290036E981 /* FirebaseDynamicLinks */,
				4030658429DAD6290036E981 /* FirebaseFirestore */,
				4030658629DAD6290036E981 /* FirebaseFirestoreCombine-Community */,
				4030658829DAD6290036E981 /* FirebaseFirestoreSwift */,
				4030658A29DAD6290036E981 /* FirebaseFunctions */,
				4030658C29DAD6290036E981 /* FirebaseFunctionsCombine-Community */,
				4030658E29DAD6290036E981 /* FirebaseInAppMessaging-Beta */,
				4030659029DAD6290036E981 /* FirebaseInAppMessagingSwift-Beta */,
				4030659229DAD6290036E981 /* FirebaseInstallations */,
				4030659429DAD6290036E981 /* FirebaseMLModelDownloader */,
				4030659629DAD6290036E981 /* FirebaseMessaging */,
				4030659829DAD6290036E981 /* FirebasePerformance */,
				4030659A29DAD6290036E981 /* FirebaseRemoteConfig */,
				4030659C29DAD6290036E981 /* FirebaseRemoteConfigSwift */,
				4030659E29DAD6290036E981 /* FirebaseStorage */,
				403065A029DAD6290036E981 /* FirebaseStorageCombine-Community */,
			);
			productName = BetaReading;
			productReference = A3E98CB729D9EEF3000148BE /* BetaReading.app */;
			productType = "com.apple.product-type.application";
		};
		A3E98CC629D9EEF4000148BE /* BetaReadingTests */ = {
			isa = PBXNativeTarget;
			buildConfigurationList = A3E98CDE29D9EEF5000148BE /* Build configuration list for PBXNativeTarget "BetaReadingTests" */;
			buildPhases = (
				A3E98CC329D9EEF4000148BE /* Sources */,
				A3E98CC429D9EEF4000148BE /* Frameworks */,
				A3E98CC529D9EEF4000148BE /* Resources */,
			);
			buildRules = (
			);
			dependencies = (
				A3E98CC929D9EEF4000148BE /* PBXTargetDependency */,
			);
			name = BetaReadingTests;
			productName = BetaReadingTests;
			productReference = A3E98CC729D9EEF4000148BE /* BetaReadingTests.xctest */;
			productType = "com.apple.product-type.bundle.unit-test";
		};
		A3E98CD029D9EEF5000148BE /* BetaReadingUITests */ = {
			isa = PBXNativeTarget;
			buildConfigurationList = A3E98CE129D9EEF5000148BE /* Build configuration list for PBXNativeTarget "BetaReadingUITests" */;
			buildPhases = (
				A3E98CCD29D9EEF5000148BE /* Sources */,
				A3E98CCE29D9EEF5000148BE /* Frameworks */,
				A3E98CCF29D9EEF5000148BE /* Resources */,
			);
			buildRules = (
			);
			dependencies = (
				A3E98CD329D9EEF5000148BE /* PBXTargetDependency */,
			);
			name = BetaReadingUITests;
			productName = BetaReadingUITests;
			productReference = A3E98CD129D9EEF5000148BE /* BetaReadingUITests.xctest */;
			productType = "com.apple.product-type.bundle.ui-testing";
		};
/* End PBXNativeTarget section */

/* Begin PBXProject section */
		A3E98CAF29D9EEF3000148BE /* Project object */ = {
			isa = PBXProject;
			attributes = {
				BuildIndependentTargetsInParallel = 1;
				LastSwiftUpdateCheck = 1420;
				LastUpgradeCheck = 1420;
				TargetAttributes = {
					A3E98CB629D9EEF3000148BE = {
						CreatedOnToolsVersion = 14.2;
					};
					A3E98CC629D9EEF4000148BE = {
						CreatedOnToolsVersion = 14.2;
						TestTargetID = A3E98CB629D9EEF3000148BE;
					};
					A3E98CD029D9EEF5000148BE = {
						CreatedOnToolsVersion = 14.2;
						TestTargetID = A3E98CB629D9EEF3000148BE;
					};
				};
			};
			buildConfigurationList = A3E98CB229D9EEF3000148BE /* Build configuration list for PBXProject "BetaReading" */;
			compatibilityVersion = "Xcode 14.0";
			developmentRegion = en;
			hasScannedForEncodings = 0;
			knownRegions = (
				en,
				Base,
			);
			mainGroup = A3E98CAE29D9EEF3000148BE;
			packageReferences = (
				4030656B29DAD6290036E981 /* XCRemoteSwiftPackageReference "firebase-ios-sdk" */,
			);
			productRefGroup = A3E98CB829D9EEF3000148BE /* Products */;
			projectDirPath = "";
			projectRoot = "";
			targets = (
				A3E98CB629D9EEF3000148BE /* BetaReading */,
				A3E98CC629D9EEF4000148BE /* BetaReadingTests */,
				A3E98CD029D9EEF5000148BE /* BetaReadingUITests */,
			);
		};
/* End PBXProject section */

/* Begin PBXResourcesBuildPhase section */
		A3E98CB529D9EEF3000148BE /* Resources */ = {
			isa = PBXResourcesBuildPhase;
			buildActionMask = 2147483647;
			files = (
				A3E98CC229D9EEF4000148BE /* Preview Assets.xcassets in Resources */,
				A3E7D2F429E1C02700522A3E /* GoogleService-Info.plist in Resources */,
				A3E98CBF29D9EEF4000148BE /* Assets.xcassets in Resources */,
			);
			runOnlyForDeploymentPostprocessing = 0;
		};
		A3E98CC529D9EEF4000148BE /* Resources */ = {
			isa = PBXResourcesBuildPhase;
			buildActionMask = 2147483647;
			files = (
				A3E7D2F529E1C02700522A3E /* GoogleService-Info.plist in Resources */,
			);
			runOnlyForDeploymentPostprocessing = 0;
		};
		A3E98CCF29D9EEF5000148BE /* Resources */ = {
			isa = PBXResourcesBuildPhase;
			buildActionMask = 2147483647;
			files = (
				A3E7D2F629E1C02700522A3E /* GoogleService-Info.plist in Resources */,
			);
			runOnlyForDeploymentPostprocessing = 0;
		};
/* End PBXResourcesBuildPhase section */

/* Begin PBXSourcesBuildPhase section */
		A3E98CB329D9EEF3000148BE /* Sources */ = {
			isa = PBXSourcesBuildPhase;
			buildActionMask = 2147483647;
			files = (
				A3E343F82A0D4CD600E1A86E /* AuthenticationViewModel.swift in Sources */,
				A3E98CBD29D9EEF3000148BE /* ContentView.swift in Sources */,
				403065AC29E1BBBF0036E981 /* HomeViewModel.swift in Sources */,
				A3ACF5D22A115180003852BD /* AddTextViewModel.swift in Sources */,
				403065A829E1BBB10036E981 /* HomeModel.swift in Sources */,
				4030656429DAC81C0036E981 /* AddText.swift in Sources */,
				A3ACF5D02A11210D003852BD /* ResetPasswordView.swift in Sources */,
				A3E343F62A0D4A9400E1A86E /* SignInView.swift in Sources */,
				A3E343F42A0AE1FE00E1A86E /* SignUpViewModel.swift in Sources */,
				A3E343F22A0AE17C00E1A86E /* SignUpView.swift in Sources */,
				403065A429E1BB950036E981 /* HomeView.swift in Sources */,
				A3E98CBB29D9EEF3000148BE /* BetaReadingApp.swift in Sources */,
			);
			runOnlyForDeploymentPostprocessing = 0;
		};
		A3E98CC329D9EEF4000148BE /* Sources */ = {
			isa = PBXSourcesBuildPhase;
			buildActionMask = 2147483647;
			files = (
				403065A929E1BBB10036E981 /* HomeModel.swift in Sources */,
				403065A529E1BB950036E981 /* HomeView.swift in Sources */,
				4030656529DAC81C0036E981 /* AddText.swift in Sources */,
				403065AD29E1BBBF0036E981 /* HomeViewModel.swift in Sources */,
				A3E98CCC29D9EEF4000148BE /* BetaReadingTests.swift in Sources */,
			);
			runOnlyForDeploymentPostprocessing = 0;
		};
		A3E98CCD29D9EEF5000148BE /* Sources */ = {
			isa = PBXSourcesBuildPhase;
			buildActionMask = 2147483647;
			files = (
				A3E98CD629D9EEF5000148BE /* BetaReadingUITests.swift in Sources */,
				403065AE29E1BBBF0036E981 /* HomeViewModel.swift in Sources */,
				403065A629E1BB950036E981 /* HomeView.swift in Sources */,
				4030656629DAC81C0036E981 /* AddText.swift in Sources */,
				403065AA29E1BBB10036E981 /* HomeModel.swift in Sources */,
				A3E98CD829D9EEF5000148BE /* BetaReadingUITestsLaunchTests.swift in Sources */,
			);
			runOnlyForDeploymentPostprocessing = 0;
		};
/* End PBXSourcesBuildPhase section */

/* Begin PBXTargetDependency section */
		A3E98CC929D9EEF4000148BE /* PBXTargetDependency */ = {
			isa = PBXTargetDependency;
			target = A3E98CB629D9EEF3000148BE /* BetaReading */;
			targetProxy = A3E98CC829D9EEF4000148BE /* PBXContainerItemProxy */;
		};
		A3E98CD329D9EEF5000148BE /* PBXTargetDependency */ = {
			isa = PBXTargetDependency;
			target = A3E98CB629D9EEF3000148BE /* BetaReading */;
			targetProxy = A3E98CD229D9EEF5000148BE /* PBXContainerItemProxy */;
		};
/* End PBXTargetDependency section */

/* Begin XCBuildConfiguration section */
		A3E98CD929D9EEF5000148BE /* Debug */ = {
			isa = XCBuildConfiguration;
			buildSettings = {
				ALWAYS_SEARCH_USER_PATHS = NO;
				CLANG_ANALYZER_NONNULL = YES;
				CLANG_ANALYZER_NUMBER_OBJECT_CONVERSION = YES_AGGRESSIVE;
				CLANG_CXX_LANGUAGE_STANDARD = "gnu++20";
				CLANG_ENABLE_MODULES = YES;
				CLANG_ENABLE_OBJC_ARC = YES;
				CLANG_ENABLE_OBJC_WEAK = YES;
				CLANG_WARN_BLOCK_CAPTURE_AUTORELEASING = YES;
				CLANG_WARN_BOOL_CONVERSION = YES;
				CLANG_WARN_COMMA = YES;
				CLANG_WARN_CONSTANT_CONVERSION = YES;
				CLANG_WARN_DEPRECATED_OBJC_IMPLEMENTATIONS = YES;
				CLANG_WARN_DIRECT_OBJC_ISA_USAGE = YES_ERROR;
				CLANG_WARN_DOCUMENTATION_COMMENTS = YES;
				CLANG_WARN_EMPTY_BODY = YES;
				CLANG_WARN_ENUM_CONVERSION = YES;
				CLANG_WARN_INFINITE_RECURSION = YES;
				CLANG_WARN_INT_CONVERSION = YES;
				CLANG_WARN_NON_LITERAL_NULL_CONVERSION = YES;
				CLANG_WARN_OBJC_IMPLICIT_RETAIN_SELF = YES;
				CLANG_WARN_OBJC_LITERAL_CONVERSION = YES;
				CLANG_WARN_OBJC_ROOT_CLASS = YES_ERROR;
				CLANG_WARN_QUOTED_INCLUDE_IN_FRAMEWORK_HEADER = YES;
				CLANG_WARN_RANGE_LOOP_ANALYSIS = YES;
				CLANG_WARN_STRICT_PROTOTYPES = YES;
				CLANG_WARN_SUSPICIOUS_MOVE = YES;
				CLANG_WARN_UNGUARDED_AVAILABILITY = YES_AGGRESSIVE;
				CLANG_WARN_UNREACHABLE_CODE = YES;
				CLANG_WARN__DUPLICATE_METHOD_MATCH = YES;
				COPY_PHASE_STRIP = NO;
				DEBUG_INFORMATION_FORMAT = "dwarf-with-dsym";
				ENABLE_STRICT_OBJC_MSGSEND = YES;
				ENABLE_TESTABILITY = YES;
				GCC_C_LANGUAGE_STANDARD = gnu11;
				GCC_DYNAMIC_NO_PIC = NO;
				GCC_NO_COMMON_BLOCKS = YES;
				GCC_OPTIMIZATION_LEVEL = 0;
				GCC_PREPROCESSOR_DEFINITIONS = (
					"DEBUG=1",
					"$(inherited)",
				);
				GCC_WARN_64_TO_32_BIT_CONVERSION = YES;
				GCC_WARN_ABOUT_RETURN_TYPE = YES_ERROR;
				GCC_WARN_UNDECLARED_SELECTOR = YES;
				GCC_WARN_UNINITIALIZED_AUTOS = YES_AGGRESSIVE;
				GCC_WARN_UNUSED_FUNCTION = YES;
				GCC_WARN_UNUSED_VARIABLE = YES;
				IPHONEOS_DEPLOYMENT_TARGET = 16.2;
				MTL_ENABLE_DEBUG_INFO = INCLUDE_SOURCE;
				MTL_FAST_MATH = YES;
				ONLY_ACTIVE_ARCH = YES;
				SDKROOT = iphoneos;
				SWIFT_ACTIVE_COMPILATION_CONDITIONS = DEBUG;
				SWIFT_OPTIMIZATION_LEVEL = "-Onone";
			};
			name = Debug;
		};
		A3E98CDA29D9EEF5000148BE /* Release */ = {
			isa = XCBuildConfiguration;
			buildSettings = {
				ALWAYS_SEARCH_USER_PATHS = NO;
				CLANG_ANALYZER_NONNULL = YES;
				CLANG_ANALYZER_NUMBER_OBJECT_CONVERSION = YES_AGGRESSIVE;
				CLANG_CXX_LANGUAGE_STANDARD = "gnu++20";
				CLANG_ENABLE_MODULES = YES;
				CLANG_ENABLE_OBJC_ARC = YES;
				CLANG_ENABLE_OBJC_WEAK = YES;
				CLANG_WARN_BLOCK_CAPTURE_AUTORELEASING = YES;
				CLANG_WARN_BOOL_CONVERSION = YES;
				CLANG_WARN_COMMA = YES;
				CLANG_WARN_CONSTANT_CONVERSION = YES;
				CLANG_WARN_DEPRECATED_OBJC_IMPLEMENTATIONS = YES;
				CLANG_WARN_DIRECT_OBJC_ISA_USAGE = YES_ERROR;
				CLANG_WARN_DOCUMENTATION_COMMENTS = YES;
				CLANG_WARN_EMPTY_BODY = YES;
				CLANG_WARN_ENUM_CONVERSION = YES;
				CLANG_WARN_INFINITE_RECURSION = YES;
				CLANG_WARN_INT_CONVERSION = YES;
				CLANG_WARN_NON_LITERAL_NULL_CONVERSION = YES;
				CLANG_WARN_OBJC_IMPLICIT_RETAIN_SELF = YES;
				CLANG_WARN_OBJC_LITERAL_CONVERSION = YES;
				CLANG_WARN_OBJC_ROOT_CLASS = YES_ERROR;
				CLANG_WARN_QUOTED_INCLUDE_IN_FRAMEWORK_HEADER = YES;
				CLANG_WARN_RANGE_LOOP_ANALYSIS = YES;
				CLANG_WARN_STRICT_PROTOTYPES = YES;
				CLANG_WARN_SUSPICIOUS_MOVE = YES;
				CLANG_WARN_UNGUARDED_AVAILABILITY = YES_AGGRESSIVE;
				CLANG_WARN_UNREACHABLE_CODE = YES;
				CLANG_WARN__DUPLICATE_METHOD_MATCH = YES;
				COPY_PHASE_STRIP = NO;
				DEBUG_INFORMATION_FORMAT = "dwarf-with-dsym";
				ENABLE_NS_ASSERTIONS = NO;
				ENABLE_STRICT_OBJC_MSGSEND = YES;
				GCC_C_LANGUAGE_STANDARD = gnu11;
				GCC_NO_COMMON_BLOCKS = YES;
				GCC_WARN_64_TO_32_BIT_CONVERSION = YES;
				GCC_WARN_ABOUT_RETURN_TYPE = YES_ERROR;
				GCC_WARN_UNDECLARED_SELECTOR = YES;
				GCC_WARN_UNINITIALIZED_AUTOS = YES_AGGRESSIVE;
				GCC_WARN_UNUSED_FUNCTION = YES;
				GCC_WARN_UNUSED_VARIABLE = YES;
				IPHONEOS_DEPLOYMENT_TARGET = 16.2;
				MTL_ENABLE_DEBUG_INFO = NO;
				MTL_FAST_MATH = YES;
				SDKROOT = iphoneos;
				SWIFT_COMPILATION_MODE = wholemodule;
				SWIFT_OPTIMIZATION_LEVEL = "-O";
				VALIDATE_PRODUCT = YES;
			};
			name = Release;
		};
		A3E98CDC29D9EEF5000148BE /* Debug */ = {
			isa = XCBuildConfiguration;
			buildSettings = {
				ASSETCATALOG_COMPILER_APPICON_NAME = AppIcon;
				ASSETCATALOG_COMPILER_GLOBAL_ACCENT_COLOR_NAME = AccentColor;
				CODE_SIGN_ENTITLEMENTS = BetaReading/BetaReading.entitlements;
				CODE_SIGN_STYLE = Automatic;
				CURRENT_PROJECT_VERSION = 1;
				DEVELOPMENT_ASSET_PATHS = "\"BetaReading/Preview Content\"";
				DEVELOPMENT_TEAM = UGQJPW55NZ;
				ENABLE_PREVIEWS = YES;
				GENERATE_INFOPLIST_FILE = YES;
				INFOPLIST_KEY_UIApplicationSceneManifest_Generation = YES;
				INFOPLIST_KEY_UIApplicationSupportsIndirectInputEvents = YES;
				INFOPLIST_KEY_UILaunchScreen_Generation = YES;
				INFOPLIST_KEY_UISupportedInterfaceOrientations_iPad = "UIInterfaceOrientationPortrait UIInterfaceOrientationPortraitUpsideDown UIInterfaceOrientationLandscapeLeft UIInterfaceOrientationLandscapeRight";
				INFOPLIST_KEY_UISupportedInterfaceOrientations_iPhone = "UIInterfaceOrientationPortrait UIInterfaceOrientationLandscapeLeft UIInterfaceOrientationLandscapeRight";
				LD_RUNPATH_SEARCH_PATHS = (
					"$(inherited)",
					"@executable_path/Frameworks",
				);
				MARKETING_VERSION = 1.0;
				PRODUCT_BUNDLE_IDENTIFIER = me.gosciniak.julia.BetaReading;
				PRODUCT_NAME = "$(TARGET_NAME)";
				SWIFT_EMIT_LOC_STRINGS = YES;
				SWIFT_VERSION = 5.0;
				TARGETED_DEVICE_FAMILY = "1,2";
			};
			name = Debug;
		};
		A3E98CDD29D9EEF5000148BE /* Release */ = {
			isa = XCBuildConfiguration;
			buildSettings = {
				ASSETCATALOG_COMPILER_APPICON_NAME = AppIcon;
				ASSETCATALOG_COMPILER_GLOBAL_ACCENT_COLOR_NAME = AccentColor;
				CODE_SIGN_ENTITLEMENTS = BetaReading/BetaReading.entitlements;
				CODE_SIGN_STYLE = Automatic;
				CURRENT_PROJECT_VERSION = 1;
				DEVELOPMENT_ASSET_PATHS = "\"BetaReading/Preview Content\"";
				DEVELOPMENT_TEAM = UGQJPW55NZ;
				ENABLE_PREVIEWS = YES;
				GENERATE_INFOPLIST_FILE = YES;
				INFOPLIST_KEY_UIApplicationSceneManifest_Generation = YES;
				INFOPLIST_KEY_UIApplicationSupportsIndirectInputEvents = YES;
				INFOPLIST_KEY_UILaunchScreen_Generation = YES;
				INFOPLIST_KEY_UISupportedInterfaceOrientations_iPad = "UIInterfaceOrientationPortrait UIInterfaceOrientationPortraitUpsideDown UIInterfaceOrientationLandscapeLeft UIInterfaceOrientationLandscapeRight";
				INFOPLIST_KEY_UISupportedInterfaceOrientations_iPhone = "UIInterfaceOrientationPortrait UIInterfaceOrientationLandscapeLeft UIInterfaceOrientationLandscapeRight";
				LD_RUNPATH_SEARCH_PATHS = (
					"$(inherited)",
					"@executable_path/Frameworks",
				);
				MARKETING_VERSION = 1.0;
				PRODUCT_BUNDLE_IDENTIFIER = me.gosciniak.julia.BetaReading;
				PRODUCT_NAME = "$(TARGET_NAME)";
				SWIFT_EMIT_LOC_STRINGS = YES;
				SWIFT_VERSION = 5.0;
				TARGETED_DEVICE_FAMILY = "1,2";
			};
			name = Release;
		};
		A3E98CDF29D9EEF5000148BE /* Debug */ = {
			isa = XCBuildConfiguration;
			buildSettings = {
				ALWAYS_EMBED_SWIFT_STANDARD_LIBRARIES = YES;
				BUNDLE_LOADER = "$(TEST_HOST)";
				CODE_SIGN_STYLE = Automatic;
				CURRENT_PROJECT_VERSION = 1;
				DEVELOPMENT_TEAM = UGQJPW55NZ;
				GENERATE_INFOPLIST_FILE = YES;
				IPHONEOS_DEPLOYMENT_TARGET = 16.2;
				MARKETING_VERSION = 1.0;
				PRODUCT_BUNDLE_IDENTIFIER = me.gosciniak.julia.BetaReadingTests;
				PRODUCT_NAME = "$(TARGET_NAME)";
				SWIFT_EMIT_LOC_STRINGS = NO;
				SWIFT_VERSION = 5.0;
				TARGETED_DEVICE_FAMILY = "1,2";
				TEST_HOST = "$(BUILT_PRODUCTS_DIR)/BetaReading.app/$(BUNDLE_EXECUTABLE_FOLDER_PATH)/BetaReading";
			};
			name = Debug;
		};
		A3E98CE029D9EEF5000148BE /* Release */ = {
			isa = XCBuildConfiguration;
			buildSettings = {
				ALWAYS_EMBED_SWIFT_STANDARD_LIBRARIES = YES;
				BUNDLE_LOADER = "$(TEST_HOST)";
				CODE_SIGN_STYLE = Automatic;
				CURRENT_PROJECT_VERSION = 1;
				DEVELOPMENT_TEAM = UGQJPW55NZ;
				GENERATE_INFOPLIST_FILE = YES;
				IPHONEOS_DEPLOYMENT_TARGET = 16.2;
				MARKETING_VERSION = 1.0;
				PRODUCT_BUNDLE_IDENTIFIER = me.gosciniak.julia.BetaReadingTests;
				PRODUCT_NAME = "$(TARGET_NAME)";
				SWIFT_EMIT_LOC_STRINGS = NO;
				SWIFT_VERSION = 5.0;
				TARGETED_DEVICE_FAMILY = "1,2";
				TEST_HOST = "$(BUILT_PRODUCTS_DIR)/BetaReading.app/$(BUNDLE_EXECUTABLE_FOLDER_PATH)/BetaReading";
			};
			name = Release;
		};
		A3E98CE229D9EEF5000148BE /* Debug */ = {
			isa = XCBuildConfiguration;
			buildSettings = {
				ALWAYS_EMBED_SWIFT_STANDARD_LIBRARIES = YES;
				CODE_SIGN_STYLE = Automatic;
				CURRENT_PROJECT_VERSION = 1;
				DEVELOPMENT_TEAM = UGQJPW55NZ;
				GENERATE_INFOPLIST_FILE = YES;
				MARKETING_VERSION = 1.0;
				PRODUCT_BUNDLE_IDENTIFIER = me.gosciniak.julia.BetaReadingUITests;
				PRODUCT_NAME = "$(TARGET_NAME)";
				SWIFT_EMIT_LOC_STRINGS = NO;
				SWIFT_VERSION = 5.0;
				TARGETED_DEVICE_FAMILY = "1,2";
				TEST_TARGET_NAME = BetaReading;
			};
			name = Debug;
		};
		A3E98CE329D9EEF5000148BE /* Release */ = {
			isa = XCBuildConfiguration;
			buildSettings = {
				ALWAYS_EMBED_SWIFT_STANDARD_LIBRARIES = YES;
				CODE_SIGN_STYLE = Automatic;
				CURRENT_PROJECT_VERSION = 1;
				DEVELOPMENT_TEAM = UGQJPW55NZ;
				GENERATE_INFOPLIST_FILE = YES;
				MARKETING_VERSION = 1.0;
				PRODUCT_BUNDLE_IDENTIFIER = me.gosciniak.julia.BetaReadingUITests;
				PRODUCT_NAME = "$(TARGET_NAME)";
				SWIFT_EMIT_LOC_STRINGS = NO;
				SWIFT_VERSION = 5.0;
				TARGETED_DEVICE_FAMILY = "1,2";
				TEST_TARGET_NAME = BetaReading;
			};
			name = Release;
		};
/* End XCBuildConfiguration section */

/* Begin XCConfigurationList section */
		A3E98CB229D9EEF3000148BE /* Build configuration list for PBXProject "BetaReading" */ = {
			isa = XCConfigurationList;
			buildConfigurations = (
				A3E98CD929D9EEF5000148BE /* Debug */,
				A3E98CDA29D9EEF5000148BE /* Release */,
			);
			defaultConfigurationIsVisible = 0;
			defaultConfigurationName = Release;
		};
		A3E98CDB29D9EEF5000148BE /* Build configuration list for PBXNativeTarget "BetaReading" */ = {
			isa = XCConfigurationList;
			buildConfigurations = (
				A3E98CDC29D9EEF5000148BE /* Debug */,
				A3E98CDD29D9EEF5000148BE /* Release */,
			);
			defaultConfigurationIsVisible = 0;
			defaultConfigurationName = Release;
		};
		A3E98CDE29D9EEF5000148BE /* Build configuration list for PBXNativeTarget "BetaReadingTests" */ = {
			isa = XCConfigurationList;
			buildConfigurations = (
				A3E98CDF29D9EEF5000148BE /* Debug */,
				A3E98CE029D9EEF5000148BE /* Release */,
			);
			defaultConfigurationIsVisible = 0;
			defaultConfigurationName = Release;
		};
		A3E98CE129D9EEF5000148BE /* Build configuration list for PBXNativeTarget "BetaReadingUITests" */ = {
			isa = XCConfigurationList;
			buildConfigurations = (
				A3E98CE229D9EEF5000148BE /* Debug */,
				A3E98CE329D9EEF5000148BE /* Release */,
			);
			defaultConfigurationIsVisible = 0;
			defaultConfigurationName = Release;
		};
/* End XCConfigurationList section */

/* Begin XCRemoteSwiftPackageReference section */
		4030656B29DAD6290036E981 /* XCRemoteSwiftPackageReference "firebase-ios-sdk" */ = {
			isa = XCRemoteSwiftPackageReference;
			repositoryURL = "https://github.com/firebase/firebase-ios-sdk";
			requirement = {
				kind = upToNextMajorVersion;
				minimumVersion = 10.0.0;
			};
		};
/* End XCRemoteSwiftPackageReference section */

/* Begin XCSwiftPackageProductDependency section */
		4030656C29DAD6290036E981 /* FirebaseAnalytics */ = {
			isa = XCSwiftPackageProductDependency;
			package = 4030656B29DAD6290036E981 /* XCRemoteSwiftPackageReference "firebase-ios-sdk" */;
			productName = FirebaseAnalytics;
		};
		4030656E29DAD6290036E981 /* FirebaseAnalyticsOnDeviceConversion */ = {
			isa = XCSwiftPackageProductDependency;
			package = 4030656B29DAD6290036E981 /* XCRemoteSwiftPackageReference "firebase-ios-sdk" */;
			productName = FirebaseAnalyticsOnDeviceConversion;
		};
		4030657029DAD6290036E981 /* FirebaseAnalyticsSwift */ = {
			isa = XCSwiftPackageProductDependency;
			package = 4030656B29DAD6290036E981 /* XCRemoteSwiftPackageReference "firebase-ios-sdk" */;
			productName = FirebaseAnalyticsSwift;
		};
		4030657229DAD6290036E981 /* FirebaseAnalyticsWithoutAdIdSupport */ = {
			isa = XCSwiftPackageProductDependency;
			package = 4030656B29DAD6290036E981 /* XCRemoteSwiftPackageReference "firebase-ios-sdk" */;
			productName = FirebaseAnalyticsWithoutAdIdSupport;
		};
		4030657429DAD6290036E981 /* FirebaseAppCheck */ = {
			isa = XCSwiftPackageProductDependency;
			package = 4030656B29DAD6290036E981 /* XCRemoteSwiftPackageReference "firebase-ios-sdk" */;
			productName = FirebaseAppCheck;
		};
		4030657629DAD6290036E981 /* FirebaseAppDistribution-Beta */ = {
			isa = XCSwiftPackageProductDependency;
			package = 4030656B29DAD6290036E981 /* XCRemoteSwiftPackageReference "firebase-ios-sdk" */;
			productName = "FirebaseAppDistribution-Beta";
		};
		4030657829DAD6290036E981 /* FirebaseAuth */ = {
			isa = XCSwiftPackageProductDependency;
			package = 4030656B29DAD6290036E981 /* XCRemoteSwiftPackageReference "firebase-ios-sdk" */;
			productName = FirebaseAuth;
		};
		4030657A29DAD6290036E981 /* FirebaseAuthCombine-Community */ = {
			isa = XCSwiftPackageProductDependency;
			package = 4030656B29DAD6290036E981 /* XCRemoteSwiftPackageReference "firebase-ios-sdk" */;
			productName = "FirebaseAuthCombine-Community";
		};
		4030657C29DAD6290036E981 /* FirebaseCrashlytics */ = {
			isa = XCSwiftPackageProductDependency;
			package = 4030656B29DAD6290036E981 /* XCRemoteSwiftPackageReference "firebase-ios-sdk" */;
			productName = FirebaseCrashlytics;
		};
		4030657E29DAD6290036E981 /* FirebaseDatabase */ = {
			isa = XCSwiftPackageProductDependency;
			package = 4030656B29DAD6290036E981 /* XCRemoteSwiftPackageReference "firebase-ios-sdk" */;
			productName = FirebaseDatabase;
		};
		4030658029DAD6290036E981 /* FirebaseDatabaseSwift */ = {
			isa = XCSwiftPackageProductDependency;
			package = 4030656B29DAD6290036E981 /* XCRemoteSwiftPackageReference "firebase-ios-sdk" */;
			productName = FirebaseDatabaseSwift;
		};
		4030658229DAD6290036E981 /* FirebaseDynamicLinks */ = {
			isa = XCSwiftPackageProductDependency;
			package = 4030656B29DAD6290036E981 /* XCRemoteSwiftPackageReference "firebase-ios-sdk" */;
			productName = FirebaseDynamicLinks;
		};
		4030658429DAD6290036E981 /* FirebaseFirestore */ = {
			isa = XCSwiftPackageProductDependency;
			package = 4030656B29DAD6290036E981 /* XCRemoteSwiftPackageReference "firebase-ios-sdk" */;
			productName = FirebaseFirestore;
		};
		4030658629DAD6290036E981 /* FirebaseFirestoreCombine-Community */ = {
			isa = XCSwiftPackageProductDependency;
			package = 4030656B29DAD6290036E981 /* XCRemoteSwiftPackageReference "firebase-ios-sdk" */;
			productName = "FirebaseFirestoreCombine-Community";
		};
		4030658829DAD6290036E981 /* FirebaseFirestoreSwift */ = {
			isa = XCSwiftPackageProductDependency;
			package = 4030656B29DAD6290036E981 /* XCRemoteSwiftPackageReference "firebase-ios-sdk" */;
			productName = FirebaseFirestoreSwift;
		};
		4030658A29DAD6290036E981 /* FirebaseFunctions */ = {
			isa = XCSwiftPackageProductDependency;
			package = 4030656B29DAD6290036E981 /* XCRemoteSwiftPackageReference "firebase-ios-sdk" */;
			productName = FirebaseFunctions;
		};
		4030658C29DAD6290036E981 /* FirebaseFunctionsCombine-Community */ = {
			isa = XCSwiftPackageProductDependency;
			package = 4030656B29DAD6290036E981 /* XCRemoteSwiftPackageReference "firebase-ios-sdk" */;
			productName = "FirebaseFunctionsCombine-Community";
		};
		4030658E29DAD6290036E981 /* FirebaseInAppMessaging-Beta */ = {
			isa = XCSwiftPackageProductDependency;
			package = 4030656B29DAD6290036E981 /* XCRemoteSwiftPackageReference "firebase-ios-sdk" */;
			productName = "FirebaseInAppMessaging-Beta";
		};
		4030659029DAD6290036E981 /* FirebaseInAppMessagingSwift-Beta */ = {
			isa = XCSwiftPackageProductDependency;
			package = 4030656B29DAD6290036E981 /* XCRemoteSwiftPackageReference "firebase-ios-sdk" */;
			productName = "FirebaseInAppMessagingSwift-Beta";
		};
		4030659229DAD6290036E981 /* FirebaseInstallations */ = {
			isa = XCSwiftPackageProductDependency;
			package = 4030656B29DAD6290036E981 /* XCRemoteSwiftPackageReference "firebase-ios-sdk" */;
			productName = FirebaseInstallations;
		};
		4030659429DAD6290036E981 /* FirebaseMLModelDownloader */ = {
			isa = XCSwiftPackageProductDependency;
			package = 4030656B29DAD6290036E981 /* XCRemoteSwiftPackageReference "firebase-ios-sdk" */;
			productName = FirebaseMLModelDownloader;
		};
		4030659629DAD6290036E981 /* FirebaseMessaging */ = {
			isa = XCSwiftPackageProductDependency;
			package = 4030656B29DAD6290036E981 /* XCRemoteSwiftPackageReference "firebase-ios-sdk" */;
			productName = FirebaseMessaging;
		};
		4030659829DAD6290036E981 /* FirebasePerformance */ = {
			isa = XCSwiftPackageProductDependency;
			package = 4030656B29DAD6290036E981 /* XCRemoteSwiftPackageReference "firebase-ios-sdk" */;
			productName = FirebasePerformance;
		};
		4030659A29DAD6290036E981 /* FirebaseRemoteConfig */ = {
			isa = XCSwiftPackageProductDependency;
			package = 4030656B29DAD6290036E981 /* XCRemoteSwiftPackageReference "firebase-ios-sdk" */;
			productName = FirebaseRemoteConfig;
		};
		4030659C29DAD6290036E981 /* FirebaseRemoteConfigSwift */ = {
			isa = XCSwiftPackageProductDependency;
			package = 4030656B29DAD6290036E981 /* XCRemoteSwiftPackageReference "firebase-ios-sdk" */;
			productName = FirebaseRemoteConfigSwift;
		};
		4030659E29DAD6290036E981 /* FirebaseStorage */ = {
			isa = XCSwiftPackageProductDependency;
			package = 4030656B29DAD6290036E981 /* XCRemoteSwiftPackageReference "firebase-ios-sdk" */;
			productName = FirebaseStorage;
		};
		403065A029DAD6290036E981 /* FirebaseStorageCombine-Community */ = {
			isa = XCSwiftPackageProductDependency;
			package = 4030656B29DAD6290036E981 /* XCRemoteSwiftPackageReference "firebase-ios-sdk" */;
			productName = "FirebaseStorageCombine-Community";
		};
/* End XCSwiftPackageProductDependency section */
	};
	rootObject = A3E98CAF29D9EEF3000148BE /* Project object */;
}
